
Microsoft Visual Studio Solution File, Format Version 12.00
# Visual Studio 15
VisualStudioVersion = 15.0.27428.2043
MinimumVisualStudioVersion = 10.0.40219.1
Project("{9A19103F-16F7-4668-BE54-9A1E7A4F7556}") = "EmployeeSite", "EmployeeSite\EmployeeSite.csproj", "{331B489E-C964-4E3B-9759-FDD3365BE4BE}"
EndProject
Global
	GlobalSection(SolutionConfigurationPlatforms) = preSolution
		Debug|Any CPU = Debug|Any CPU
		Release|Any CPU = Release|Any CPU
	EndGlobalSection
	GlobalSection(ProjectConfigurationPlatforms) = postSolution
		{331B489E-C964-4E3B-9759-FDD3365BE4BE}.Debug|Any CPU.ActiveCfg = Debug|Any CPU
		{331B489E-C964-4E3B-9759-FDD3365BE4BE}.Debug|Any CPU.Build.0 = Debug|Any CPU
		{331B489E-C964-4E3B-9759-FDD3365BE4BE}.Release|Any CPU.ActiveCfg = Release|Any CPU
		{331B489E-C964-4E3B-9759-FDD3365BE4BE}.Release|Any CPU.Build.0 = Release|Any CPU
	EndGlobalSection
	GlobalSection(SolutionProperties) = preSolution
		HideSolutionNode = FALSE
	EndGlobalSection
	GlobalSection(ExtensibilityGlobals) = postSolution
		SolutionGuid = {3920E2DF-0A69-469A-91E1-82CFA3204079}
	EndGlobalSection
	GlobalSection(TeamFoundationVersionControl) = preSolution
		SccNumberOfProjects = 2
		SccEnterpriseProvider = {4CA58AB2-18FA-4F8D-95D4-32DDF27D184C}
		SccTeamFoundationServer = https://krazlix.visualstudio.com/
		SccLocalPath0 = .
		SccProjectUniqueName1 = EmployeeSite\\EmployeeSite.csproj
		SccProjectName1 = EmployeeSite
		SccLocalPath1 = EmployeeSite
	EndGlobalSection
EndGlobal
